// !$*UTF8*$!
{
	archiveVersion = 1;
	classes = {
	};
	objectVersion = 51;
	objects = {

/* Begin PBXBuildFile section */
		07084DE9233FE9510099F9D3 /* GoogleService-Info.plist in Resources */ = {isa = PBXBuildFile; fileRef = 07084DE8233FE9510099F9D3 /* GoogleService-Info.plist */; };
		0740FA7723400218009A4E61 /* ocrReceipt.swift in Sources */ = {isa = PBXBuildFile; fileRef = 0740FA6223400218009A4E61 /* ocrReceipt.swift */; };
		0740FA7823400218009A4E61 /* receipt0_0_Overlay.json in Resources */ = {isa = PBXBuildFile; fileRef = 0740FA6423400218009A4E61 /* receipt0_0_Overlay.json */; };
		0740FA7923400218009A4E61 /* receipt0_0.json in Resources */ = {isa = PBXBuildFile; fileRef = 0740FA6523400218009A4E61 /* receipt0_0.json */; };
		0740FA7A23400218009A4E61 /* receipt2_0.jpg in Resources */ = {isa = PBXBuildFile; fileRef = 0740FA6823400218009A4E61 /* receipt2_0.jpg */; };
		0740FA7B23400218009A4E61 /* receipt0_0.jpg in Resources */ = {isa = PBXBuildFile; fileRef = 0740FA6923400218009A4E61 /* receipt0_0.jpg */; };
		0740FA7C23400218009A4E61 /* receipt0_1.jpg in Resources */ = {isa = PBXBuildFile; fileRef = 0740FA6A23400218009A4E61 /* receipt0_1.jpg */; };
		0740FA7D23400218009A4E61 /* receipt4_0.jpg in Resources */ = {isa = PBXBuildFile; fileRef = 0740FA6B23400218009A4E61 /* receipt4_0.jpg */; };
		0740FA7E23400218009A4E61 /* receipt5.jpg in Resources */ = {isa = PBXBuildFile; fileRef = 0740FA6C23400218009A4E61 /* receipt5.jpg */; };
		0740FA7F23400218009A4E61 /* receipt1_0.jpg in Resources */ = {isa = PBXBuildFile; fileRef = 0740FA6D23400218009A4E61 /* receipt1_0.jpg */; };
		0740FA8023400218009A4E61 /* receipt4.jpg in Resources */ = {isa = PBXBuildFile; fileRef = 0740FA6E23400218009A4E61 /* receipt4.jpg */; };
		0740FA8123400218009A4E61 /* receipt3_0.jpg in Resources */ = {isa = PBXBuildFile; fileRef = 0740FA6F23400218009A4E61 /* receipt3_0.jpg */; };
		0740FA8223400218009A4E61 /* receipt3.jpg in Resources */ = {isa = PBXBuildFile; fileRef = 0740FA7023400218009A4E61 /* receipt3.jpg */; };
		0740FA8323400218009A4E61 /* receipt2.jpg in Resources */ = {isa = PBXBuildFile; fileRef = 0740FA7123400218009A4E61 /* receipt2.jpg */; };
		0740FA8423400218009A4E61 /* receipt0.jpg in Resources */ = {isa = PBXBuildFile; fileRef = 0740FA7223400218009A4E61 /* receipt0.jpg */; };
		0740FA8523400218009A4E61 /* receipt1.jpg in Resources */ = {isa = PBXBuildFile; fileRef = 0740FA7323400218009A4E61 /* receipt1.jpg */; };
		0740FA8623400218009A4E61 /* receipt5_0.png in Resources */ = {isa = PBXBuildFile; fileRef = 0740FA7423400218009A4E61 /* receipt5_0.png */; };
		0740FA8723400218009A4E61 /* receipt5_0.jpg in Resources */ = {isa = PBXBuildFile; fileRef = 0740FA7523400218009A4E61 /* receipt5_0.jpg */; };
		07F433DE233F02B100F1281E /* AppDelegate.swift in Sources */ = {isa = PBXBuildFile; fileRef = 07F433DD233F02B100F1281E /* AppDelegate.swift */; };
		07F433E0233F02B100F1281E /* ViewController.swift in Sources */ = {isa = PBXBuildFile; fileRef = 07F433DF233F02B100F1281E /* ViewController.swift */; };
		07F433E3233F02B100F1281E /* Main.storyboard in Resources */ = {isa = PBXBuildFile; fileRef = 07F433E1233F02B100F1281E /* Main.storyboard */; };
		07F433E8233F02B100F1281E /* LaunchScreen.storyboard in Resources */ = {isa = PBXBuildFile; fileRef = 07F433E6233F02B100F1281E /* LaunchScreen.storyboard */; };
		07F433F0233F767800F1281E /* Assets.xcassets in Resources */ = {isa = PBXBuildFile; fileRef = 07F433EF233F767800F1281E /* Assets.xcassets */; };
		07F433F2233FCD4A00F1281E /* RecipetClass.swift in Sources */ = {isa = PBXBuildFile; fileRef = 07F433F1233FCD4A00F1281E /* RecipetClass.swift */; };
		9392E06DF93DE203620D7A5D /* Pods_SnapBudget.framework in Frameworks */ = {isa = PBXBuildFile; fileRef = F4C87868410908A3E041A9EE /* Pods_SnapBudget.framework */; };
/* End PBXBuildFile section */

/* Begin PBXFileReference section */
		07084DE8233FE9510099F9D3 /* GoogleService-Info.plist */ = {isa = PBXFileReference; fileEncoding = 4; lastKnownFileType = text.plist.xml; path = "GoogleService-Info.plist"; sourceTree = SOURCE_ROOT; };
		0740FA6223400218009A4E61 /* ocrReceipt.swift */ = {isa = PBXFileReference; fileEncoding = 4; lastKnownFileType = sourcecode.swift; path = ocrReceipt.swift; sourceTree = "<group>"; };
		0740FA6423400218009A4E61 /* receipt0_0_Overlay.json */ = {isa = PBXFileReference; fileEncoding = 4; lastKnownFileType = text.json; path = receipt0_0_Overlay.json; sourceTree = "<group>"; };
		0740FA6523400218009A4E61 /* receipt0_0.json */ = {isa = PBXFileReference; fileEncoding = 4; lastKnownFileType = text.json; path = receipt0_0.json; sourceTree = "<group>"; };
		0740FA6823400218009A4E61 /* receipt2_0.jpg */ = {isa = PBXFileReference; lastKnownFileType = image.jpeg; path = receipt2_0.jpg; sourceTree = "<group>"; };
		0740FA6923400218009A4E61 /* receipt0_0.jpg */ = {isa = PBXFileReference; lastKnownFileType = image.jpeg; path = receipt0_0.jpg; sourceTree = "<group>"; };
		0740FA6A23400218009A4E61 /* receipt0_1.jpg */ = {isa = PBXFileReference; lastKnownFileType = image.jpeg; path = receipt0_1.jpg; sourceTree = "<group>"; };
		0740FA6B23400218009A4E61 /* receipt4_0.jpg */ = {isa = PBXFileReference; lastKnownFileType = image.jpeg; path = receipt4_0.jpg; sourceTree = "<group>"; };
		0740FA6C23400218009A4E61 /* receipt5.jpg */ = {isa = PBXFileReference; lastKnownFileType = image.jpeg; path = receipt5.jpg; sourceTree = "<group>"; };
		0740FA6D23400218009A4E61 /* receipt1_0.jpg */ = {isa = PBXFileReference; lastKnownFileType = image.jpeg; path = receipt1_0.jpg; sourceTree = "<group>"; };
		0740FA6E23400218009A4E61 /* receipt4.jpg */ = {isa = PBXFileReference; lastKnownFileType = image.jpeg; path = receipt4.jpg; sourceTree = "<group>"; };
		0740FA6F23400218009A4E61 /* receipt3_0.jpg */ = {isa = PBXFileReference; lastKnownFileType = image.jpeg; path = receipt3_0.jpg; sourceTree = "<group>"; };
		0740FA7023400218009A4E61 /* receipt3.jpg */ = {isa = PBXFileReference; lastKnownFileType = image.jpeg; path = receipt3.jpg; sourceTree = "<group>"; };
		0740FA7123400218009A4E61 /* receipt2.jpg */ = {isa = PBXFileReference; lastKnownFileType = image.jpeg; path = receipt2.jpg; sourceTree = "<group>"; };
		0740FA7223400218009A4E61 /* receipt0.jpg */ = {isa = PBXFileReference; lastKnownFileType = image.jpeg; path = receipt0.jpg; sourceTree = "<group>"; };
		0740FA7323400218009A4E61 /* receipt1.jpg */ = {isa = PBXFileReference; lastKnownFileType = image.jpeg; path = receipt1.jpg; sourceTree = "<group>"; };
		0740FA7423400218009A4E61 /* receipt5_0.png */ = {isa = PBXFileReference; lastKnownFileType = image.png; path = receipt5_0.png; sourceTree = "<group>"; };
		0740FA7523400218009A4E61 /* receipt5_0.jpg */ = {isa = PBXFileReference; lastKnownFileType = image.jpeg; path = receipt5_0.jpg; sourceTree = "<group>"; };
		07F433DA233F02B100F1281E /* SnapBudget.app */ = {isa = PBXFileReference; explicitFileType = wrapper.application; includeInIndex = 0; path = SnapBudget.app; sourceTree = BUILT_PRODUCTS_DIR; };
		07F433DD233F02B100F1281E /* AppDelegate.swift */ = {isa = PBXFileReference; lastKnownFileType = sourcecode.swift; path = AppDelegate.swift; sourceTree = "<group>"; };
		07F433DF233F02B100F1281E /* ViewController.swift */ = {isa = PBXFileReference; lastKnownFileType = sourcecode.swift; path = ViewController.swift; sourceTree = "<group>"; };
		07F433E2233F02B100F1281E /* Base */ = {isa = PBXFileReference; lastKnownFileType = file.storyboard; name = Base; path = Base.lproj/Main.storyboard; sourceTree = "<group>"; };
		07F433E7233F02B100F1281E /* Base */ = {isa = PBXFileReference; lastKnownFileType = file.storyboard; name = Base; path = Base.lproj/LaunchScreen.storyboard; sourceTree = "<group>"; };
		07F433E9233F02B100F1281E /* Info.plist */ = {isa = PBXFileReference; lastKnownFileType = text.plist.xml; path = Info.plist; sourceTree = "<group>"; };
		07F433EF233F767800F1281E /* Assets.xcassets */ = {isa = PBXFileReference; lastKnownFileType = folder.assetcatalog; path = Assets.xcassets; sourceTree = "<group>"; };
		07F433F1233FCD4A00F1281E /* RecipetClass.swift */ = {isa = PBXFileReference; lastKnownFileType = sourcecode.swift; path = RecipetClass.swift; sourceTree = "<group>"; };
		B473DE3FB572D39F805CAC64 /* Pods-SnapBudget.debug.xcconfig */ = {isa = PBXFileReference; includeInIndex = 1; lastKnownFileType = text.xcconfig; name = "Pods-SnapBudget.debug.xcconfig"; path = "Target Support Files/Pods-SnapBudget/Pods-SnapBudget.debug.xcconfig"; sourceTree = "<group>"; };
		F4C87868410908A3E041A9EE /* Pods_SnapBudget.framework */ = {isa = PBXFileReference; explicitFileType = wrapper.framework; includeInIndex = 0; path = Pods_SnapBudget.framework; sourceTree = BUILT_PRODUCTS_DIR; };
		F985FAAF6436A15B9821E1EE /* Pods-SnapBudget.release.xcconfig */ = {isa = PBXFileReference; includeInIndex = 1; lastKnownFileType = text.xcconfig; name = "Pods-SnapBudget.release.xcconfig"; path = "Target Support Files/Pods-SnapBudget/Pods-SnapBudget.release.xcconfig"; sourceTree = "<group>"; };
/* End PBXFileReference section */

/* Begin PBXFrameworksBuildPhase section */
		07F433D7233F02B100F1281E /* Frameworks */ = {
			isa = PBXFrameworksBuildPhase;
			buildActionMask = 2147483647;
			files = (
				9392E06DF93DE203620D7A5D /* Pods_SnapBudget.framework in Frameworks */,
			);
			runOnlyForDeploymentPostprocessing = 0;
		};
/* End PBXFrameworksBuildPhase section */

/* Begin PBXGroup section */
		0740FA6123400218009A4E61 /* ocr */ = {
			isa = PBXGroup;
			children = (
				0740FA6223400218009A4E61 /* ocrReceipt.swift */,
				0740FA6323400218009A4E61 /* json */,
				0740FA6623400218009A4E61 /* SwiftOCR */,
				0740FA6723400218009A4E61 /* examples */,
			);
			path = ocr;
			sourceTree = "<group>";
		};
		0740FA6323400218009A4E61 /* json */ = {
			isa = PBXGroup;
			children = (
				0740FA6423400218009A4E61 /* receipt0_0_Overlay.json */,
				0740FA6523400218009A4E61 /* receipt0_0.json */,
			);
			path = json;
			sourceTree = "<group>";
		};
		0740FA6623400218009A4E61 /* SwiftOCR */ = {
			isa = PBXGroup;
			children = (
			);
			path = SwiftOCR;
			sourceTree = "<group>";
		};
		0740FA6723400218009A4E61 /* examples */ = {
			isa = PBXGroup;
			children = (
				0740FA6823400218009A4E61 /* receipt2_0.jpg */,
				0740FA6923400218009A4E61 /* receipt0_0.jpg */,
				0740FA6A23400218009A4E61 /* receipt0_1.jpg */,
				0740FA6B23400218009A4E61 /* receipt4_0.jpg */,
				0740FA6C23400218009A4E61 /* receipt5.jpg */,
				0740FA6D23400218009A4E61 /* receipt1_0.jpg */,
				0740FA6E23400218009A4E61 /* receipt4.jpg */,
				0740FA6F23400218009A4E61 /* receipt3_0.jpg */,
				0740FA7023400218009A4E61 /* receipt3.jpg */,
				0740FA7123400218009A4E61 /* receipt2.jpg */,
				0740FA7223400218009A4E61 /* receipt0.jpg */,
				0740FA7323400218009A4E61 /* receipt1.jpg */,
				0740FA7423400218009A4E61 /* receipt5_0.png */,
				0740FA7523400218009A4E61 /* receipt5_0.jpg */,
			);
			path = examples;
			sourceTree = "<group>";
		};
		07F433D1233F02B100F1281E = {
			isa = PBXGroup;
			children = (
				0740FA6123400218009A4E61 /* ocr */,
				07F433DC233F02B100F1281E /* SnapBudget */,
				07F433DB233F02B100F1281E /* Products */,
				0D5030A8DE5892DC1F2CB7DA /* Pods */,
				DEC05B9FA5B248ACD454B117 /* Frameworks */,
			);
			sourceTree = "<group>";
		};
		07F433DB233F02B100F1281E /* Products */ = {
			isa = PBXGroup;
			children = (
				07F433DA233F02B100F1281E /* SnapBudget.app */,
			);
			name = Products;
			sourceTree = "<group>";
		};
		07F433DC233F02B100F1281E /* SnapBudget */ = {
			isa = PBXGroup;
			children = (
				07F433EF233F767800F1281E /* Assets.xcassets */,
				07F433DD233F02B100F1281E /* AppDelegate.swift */,
				07F433DF233F02B100F1281E /* ViewController.swift */,
				07F433E1233F02B100F1281E /* Main.storyboard */,
				07F433E6233F02B100F1281E /* LaunchScreen.storyboard */,
				07084DE8233FE9510099F9D3 /* GoogleService-Info.plist */,
				07F433E9233F02B100F1281E /* Info.plist */,
				07F433F1233FCD4A00F1281E /* RecipetClass.swift */,
			);
			path = SnapBudget;
			sourceTree = "<group>";
		};
		0D5030A8DE5892DC1F2CB7DA /* Pods */ = {
			isa = PBXGroup;
			children = (
				B473DE3FB572D39F805CAC64 /* Pods-SnapBudget.debug.xcconfig */,
				F985FAAF6436A15B9821E1EE /* Pods-SnapBudget.release.xcconfig */,
			);
			path = Pods;
			sourceTree = "<group>";
		};
		DEC05B9FA5B248ACD454B117 /* Frameworks */ = {
			isa = PBXGroup;
			children = (
				F4C87868410908A3E041A9EE /* Pods_SnapBudget.framework */,
			);
			name = Frameworks;
			sourceTree = "<group>";
		};
/* End PBXGroup section */

/* Begin PBXNativeTarget section */
		07F433D9233F02B100F1281E /* SnapBudget */ = {
			isa = PBXNativeTarget;
			buildConfigurationList = 07F433EC233F02B100F1281E /* Build configuration list for PBXNativeTarget "SnapBudget" */;
			buildPhases = (
				96B61E843EC6EE5AB182B95D /* [CP] Check Pods Manifest.lock */,
				07F433D6233F02B100F1281E /* Sources */,
				07F433D7233F02B100F1281E /* Frameworks */,
				07F433D8233F02B100F1281E /* Resources */,
				5DF1D37306AD1B967733EB34 /* [CP] Embed Pods Frameworks */,
			);
			buildRules = (
			);
			dependencies = (
			);
			name = SnapBudget;
			productName = SnapBudget;
			productReference = 07F433DA233F02B100F1281E /* SnapBudget.app */;
			productType = "com.apple.product-type.application";
		};
/* End PBXNativeTarget section */

/* Begin PBXProject section */
		07F433D2233F02B100F1281E /* Project object */ = {
			isa = PBXProject;
			attributes = {
				LastSwiftUpdateCheck = 1030;
				LastUpgradeCheck = 1030;
				ORGANIZATIONNAME = "Eric Han";
				TargetAttributes = {
					07F433D9233F02B100F1281E = {
						CreatedOnToolsVersion = 10.3;
					};
				};
			};
			buildConfigurationList = 07F433D5233F02B100F1281E /* Build configuration list for PBXProject "SnapBudget" */;
			compatibilityVersion = "Xcode 9.3";
			developmentRegion = en;
			hasScannedForEncodings = 0;
			knownRegions = (
				en,
				Base,
			);
			mainGroup = 07F433D1233F02B100F1281E;
			productRefGroup = 07F433DB233F02B100F1281E /* Products */;
			projectDirPath = "";
			projectRoot = "";
			targets = (
				07F433D9233F02B100F1281E /* SnapBudget */,
			);
		};
/* End PBXProject section */

/* Begin PBXResourcesBuildPhase section */
		07F433D8233F02B100F1281E /* Resources */ = {
			isa = PBXResourcesBuildPhase;
			buildActionMask = 2147483647;
			files = (
				0740FA8523400218009A4E61 /* receipt1.jpg in Resources */,
				0740FA8723400218009A4E61 /* receipt5_0.jpg in Resources */,
				0740FA7B23400218009A4E61 /* receipt0_0.jpg in Resources */,
				0740FA7F23400218009A4E61 /* receipt1_0.jpg in Resources */,
				07F433E8233F02B100F1281E /* LaunchScreen.storyboard in Resources */,
				0740FA7823400218009A4E61 /* receipt0_0_Overlay.json in Resources */,
				0740FA7C23400218009A4E61 /* receipt0_1.jpg in Resources */,
				0740FA7A23400218009A4E61 /* receipt2_0.jpg in Resources */,
				07084DE9233FE9510099F9D3 /* GoogleService-Info.plist in Resources */,
				0740FA7D23400218009A4E61 /* receipt4_0.jpg in Resources */,
				0740FA8423400218009A4E61 /* receipt0.jpg in Resources */,
				07F433F0233F767800F1281E /* Assets.xcassets in Resources */,
				0740FA8323400218009A4E61 /* receipt2.jpg in Resources */,
				0740FA8223400218009A4E61 /* receipt3.jpg in Resources */,
				0740FA7E23400218009A4E61 /* receipt5.jpg in Resources */,
				0740FA7923400218009A4E61 /* receipt0_0.json in Resources */,
				0740FA8123400218009A4E61 /* receipt3_0.jpg in Resources */,
				07F433E3233F02B100F1281E /* Main.storyboard in Resources */,
				0740FA8623400218009A4E61 /* receipt5_0.png in Resources */,
				0740FA8023400218009A4E61 /* receipt4.jpg in Resources */,
			);
			runOnlyForDeploymentPostprocessing = 0;
		};
/* End PBXResourcesBuildPhase section */

/* Begin PBXShellScriptBuildPhase section */
		5DF1D37306AD1B967733EB34 /* [CP] Embed Pods Frameworks */ = {
			isa = PBXShellScriptBuildPhase;
			buildActionMask = 2147483647;
			files = (
			);
			inputFileListPaths = (
				"${PODS_ROOT}/Target Support Files/Pods-SnapBudget/Pods-SnapBudget-frameworks-${CONFIGURATION}-input-files.xcfilelist",
			);
			name = "[CP] Embed Pods Frameworks";
			outputFileListPaths = (
				"${PODS_ROOT}/Target Support Files/Pods-SnapBudget/Pods-SnapBudget-frameworks-${CONFIGURATION}-output-files.xcfilelist",
			);
			runOnlyForDeploymentPostprocessing = 0;
			shellPath = /bin/sh;
			shellScript = "\"${PODS_ROOT}/Target Support Files/Pods-SnapBudget/Pods-SnapBudget-frameworks.sh\"\n";
			showEnvVarsInLog = 0;
		};
		96B61E843EC6EE5AB182B95D /* [CP] Check Pods Manifest.lock */ = {
			isa = PBXShellScriptBuildPhase;
			buildActionMask = 2147483647;
			files = (
			);
			inputFileListPaths = (
			);
			inputPaths = (
				"${PODS_PODFILE_DIR_PATH}/Podfile.lock",
				"${PODS_ROOT}/Manifest.lock",
			);
			name = "[CP] Check Pods Manifest.lock";
			outputFileListPaths = (
			);
			outputPaths = (
				"$(DERIVED_FILE_DIR)/Pods-SnapBudget-checkManifestLockResult.txt",
			);
			runOnlyForDeploymentPostprocessing = 0;
			shellPath = /bin/sh;
			shellScript = "diff \"${PODS_PODFILE_DIR_PATH}/Podfile.lock\" \"${PODS_ROOT}/Manifest.lock\" > /dev/null\nif [ $? != 0 ] ; then\n    # print error to STDERR\n    echo \"error: The sandbox is not in sync with the Podfile.lock. Run 'pod install' or update your CocoaPods installation.\" >&2\n    exit 1\nfi\n# This output is used by Xcode 'outputs' to avoid re-running this script phase.\necho \"SUCCESS\" > \"${SCRIPT_OUTPUT_FILE_0}\"\n";
			showEnvVarsInLog = 0;
		};
/* End PBXShellScriptBuildPhase section */

/* Begin PBXSourcesBuildPhase section */
		07F433D6233F02B100F1281E /* Sources */ = {
			isa = PBXSourcesBuildPhase;
			buildActionMask = 2147483647;
			files = (
				07F433F2233FCD4A00F1281E /* RecipetClass.swift in Sources */,
				07F433E0233F02B100F1281E /* ViewController.swift in Sources */,
				07F433DE233F02B100F1281E /* AppDelegate.swift in Sources */,
				0740FA7723400218009A4E61 /* ocrReceipt.swift in Sources */,
			);
			runOnlyForDeploymentPostprocessing = 0;
		};
/* End PBXSourcesBuildPhase section */

/* Begin PBXVariantGroup section */
		07F433E1233F02B100F1281E /* Main.storyboard */ = {
			isa = PBXVariantGroup;
			children = (
				07F433E2233F02B100F1281E /* Base */,
			);
			name = Main.storyboard;
			sourceTree = "<group>";
		};
		07F433E6233F02B100F1281E /* LaunchScreen.storyboard */ = {
			isa = PBXVariantGroup;
			children = (
				07F433E7233F02B100F1281E /* Base */,
			);
			name = LaunchScreen.storyboard;
			sourceTree = "<group>";
		};
/* End PBXVariantGroup section */

/* Begin XCBuildConfiguration section */
		07F433EA233F02B100F1281E /* Debug */ = {
			isa = XCBuildConfiguration;
			buildSettings = {
				ALWAYS_SEARCH_USER_PATHS = NO;
				CLANG_ANALYZER_NONNULL = YES;
				CLANG_ANALYZER_NUMBER_OBJECT_CONVERSION = YES_AGGRESSIVE;
				CLANG_CXX_LANGUAGE_STANDARD = "gnu++14";
				CLANG_CXX_LIBRARY = "libc++";
				CLANG_ENABLE_MODULES = YES;
				CLANG_ENABLE_OBJC_ARC = YES;
				CLANG_ENABLE_OBJC_WEAK = YES;
				CLANG_WARN_BLOCK_CAPTURE_AUTORELEASING = YES;
				CLANG_WARN_BOOL_CONVERSION = YES;
				CLANG_WARN_COMMA = YES;
				CLANG_WARN_CONSTANT_CONVERSION = YES;
				CLANG_WARN_DEPRECATED_OBJC_IMPLEMENTATIONS = YES;
				CLANG_WARN_DIRECT_OBJC_ISA_USAGE = YES_ERROR;
				CLANG_WARN_DOCUMENTATION_COMMENTS = YES;
				CLANG_WARN_EMPTY_BODY = YES;
				CLANG_WARN_ENUM_CONVERSION = YES;
				CLANG_WARN_INFINITE_RECURSION = YES;
				CLANG_WARN_INT_CONVERSION = YES;
				CLANG_WARN_NON_LITERAL_NULL_CONVERSION = YES;
				CLANG_WARN_OBJC_IMPLICIT_RETAIN_SELF = YES;
				CLANG_WARN_OBJC_LITERAL_CONVERSION = YES;
				CLANG_WARN_OBJC_ROOT_CLASS = YES_ERROR;
				CLANG_WARN_RANGE_LOOP_ANALYSIS = YES;
				CLANG_WARN_STRICT_PROTOTYPES = YES;
				CLANG_WARN_SUSPICIOUS_MOVE = YES;
				CLANG_WARN_UNGUARDED_AVAILABILITY = YES_AGGRESSIVE;
				CLANG_WARN_UNREACHABLE_CODE = YES;
				CLANG_WARN__DUPLICATE_METHOD_MATCH = YES;
				CODE_SIGN_IDENTITY = "iPhone Developer";
				COPY_PHASE_STRIP = NO;
				DEBUG_INFORMATION_FORMAT = dwarf;
				ENABLE_STRICT_OBJC_MSGSEND = YES;
				ENABLE_TESTABILITY = YES;
				GCC_C_LANGUAGE_STANDARD = gnu11;
				GCC_DYNAMIC_NO_PIC = NO;
				GCC_NO_COMMON_BLOCKS = YES;
				GCC_OPTIMIZATION_LEVEL = 0;
				GCC_PREPROCESSOR_DEFINITIONS = (
					"DEBUG=1",
					"$(inherited)",
				);
				GCC_WARN_64_TO_32_BIT_CONVERSION = YES;
				GCC_WARN_ABOUT_RETURN_TYPE = YES_ERROR;
				GCC_WARN_UNDECLARED_SELECTOR = YES;
				GCC_WARN_UNINITIALIZED_AUTOS = YES_AGGRESSIVE;
				GCC_WARN_UNUSED_FUNCTION = YES;
				GCC_WARN_UNUSED_VARIABLE = YES;
				IPHONEOS_DEPLOYMENT_TARGET = 12.4;
				MTL_ENABLE_DEBUG_INFO = INCLUDE_SOURCE;
				MTL_FAST_MATH = YES;
				ONLY_ACTIVE_ARCH = YES;
				SDKROOT = iphoneos;
				SWIFT_ACTIVE_COMPILATION_CONDITIONS = DEBUG;
				SWIFT_OPTIMIZATION_LEVEL = "-Onone";
			};
			name = Debug;
		};
		07F433EB233F02B100F1281E /* Release */ = {
			isa = XCBuildConfiguration;
			buildSettings = {
				ALWAYS_SEARCH_USER_PATHS = NO;
				CLANG_ANALYZER_NONNULL = YES;
				CLANG_ANALYZER_NUMBER_OBJECT_CONVERSION = YES_AGGRESSIVE;
				CLANG_CXX_LANGUAGE_STANDARD = "gnu++14";
				CLANG_CXX_LIBRARY = "libc++";
				CLANG_ENABLE_MODULES = YES;
				CLANG_ENABLE_OBJC_ARC = YES;
				CLANG_ENABLE_OBJC_WEAK = YES;
				CLANG_WARN_BLOCK_CAPTURE_AUTORELEASING = YES;
				CLANG_WARN_BOOL_CONVERSION = YES;
				CLANG_WARN_COMMA = YES;
				CLANG_WARN_CONSTANT_CONVERSION = YES;
				CLANG_WARN_DEPRECATED_OBJC_IMPLEMENTATIONS = YES;
				CLANG_WARN_DIRECT_OBJC_ISA_USAGE = YES_ERROR;
				CLANG_WARN_DOCUMENTATION_COMMENTS = YES;
				CLANG_WARN_EMPTY_BODY = YES;
				CLANG_WARN_ENUM_CONVERSION = YES;
				CLANG_WARN_INFINITE_RECURSION = YES;
				CLANG_WARN_INT_CONVERSION = YES;
				CLANG_WARN_NON_LITERAL_NULL_CONVERSION = YES;
				CLANG_WARN_OBJC_IMPLICIT_RETAIN_SELF = YES;
				CLANG_WARN_OBJC_LITERAL_CONVERSION = YES;
				CLANG_WARN_OBJC_ROOT_CLASS = YES_ERROR;
				CLANG_WARN_RANGE_LOOP_ANALYSIS = YES;
				CLANG_WARN_STRICT_PROTOTYPES = YES;
				CLANG_WARN_SUSPICIOUS_MOVE = YES;
				CLANG_WARN_UNGUARDED_AVAILABILITY = YES_AGGRESSIVE;
				CLANG_WARN_UNREACHABLE_CODE = YES;
				CLANG_WARN__DUPLICATE_METHOD_MATCH = YES;
				CODE_SIGN_IDENTITY = "iPhone Developer";
				COPY_PHASE_STRIP = NO;
				DEBUG_INFORMATION_FORMAT = "dwarf-with-dsym";
				ENABLE_NS_ASSERTIONS = NO;
				ENABLE_STRICT_OBJC_MSGSEND = YES;
				GCC_C_LANGUAGE_STANDARD = gnu11;
				GCC_NO_COMMON_BLOCKS = YES;
				GCC_WARN_64_TO_32_BIT_CONVERSION = YES;
				GCC_WARN_ABOUT_RETURN_TYPE = YES_ERROR;
				GCC_WARN_UNDECLARED_SELECTOR = YES;
				GCC_WARN_UNINITIALIZED_AUTOS = YES_AGGRESSIVE;
				GCC_WARN_UNUSED_FUNCTION = YES;
				GCC_WARN_UNUSED_VARIABLE = YES;
				IPHONEOS_DEPLOYMENT_TARGET = 12.4;
				MTL_ENABLE_DEBUG_INFO = NO;
				MTL_FAST_MATH = YES;
				SDKROOT = iphoneos;
				SWIFT_COMPILATION_MODE = wholemodule;
				SWIFT_OPTIMIZATION_LEVEL = "-O";
				VALIDATE_PRODUCT = YES;
			};
			name = Release;
		};
		07F433ED233F02B100F1281E /* Debug */ = {
			isa = XCBuildConfiguration;
			baseConfigurationReference = B473DE3FB572D39F805CAC64 /* Pods-SnapBudget.debug.xcconfig */;
			buildSettings = {
				ASSETCATALOG_COMPILER_APPICON_NAME = AppIcon;
				CODE_SIGN_STYLE = Automatic;
				DEVELOPMENT_TEAM = PU2UAK57T4;
				INFOPLIST_FILE = SnapBudget/Info.plist;
				LD_RUNPATH_SEARCH_PATHS = (
					"$(inherited)",
					"@executable_path/Frameworks",
				);
				PRODUCT_BUNDLE_IDENTIFIER = com.eric.SnapBudget;
				PRODUCT_NAME = "$(TARGET_NAME)";
				SWIFT_VERSION = 5.0;
				TARGETED_DEVICE_FAMILY = "1,2";
			};
			name = Debug;
		};
		07F433EE233F02B100F1281E /* Release */ = {
			isa = XCBuildConfiguration;
			baseConfigurationReference = F985FAAF6436A15B9821E1EE /* Pods-SnapBudget.release.xcconfig */;
			buildSettings = {
				ASSETCATALOG_COMPILER_APPICON_NAME = AppIcon;
				CODE_SIGN_STYLE = Automatic;
				DEVELOPMENT_TEAM = PU2UAK57T4;
				INFOPLIST_FILE = SnapBudget/Info.plist;
				LD_RUNPATH_SEARCH_PATHS = (
					"$(inherited)",
					"@executable_path/Frameworks",
				);
				PRODUCT_BUNDLE_IDENTIFIER = com.eric.SnapBudget;
				PRODUCT_NAME = "$(TARGET_NAME)";
				SWIFT_VERSION = 5.0;
				TARGETED_DEVICE_FAMILY = "1,2";
			};
			name = Release;
		};
/* End XCBuildConfiguration section */

/* Begin XCConfigurationList section */
		07F433D5233F02B100F1281E /* Build configuration list for PBXProject "SnapBudget" */ = {
			isa = XCConfigurationList;
			buildConfigurations = (
				07F433EA233F02B100F1281E /* Debug */,
				07F433EB233F02B100F1281E /* Release */,
			);
			defaultConfigurationIsVisible = 0;
			defaultConfigurationName = Release;
		};
		07F433EC233F02B100F1281E /* Build configuration list for PBXNativeTarget "SnapBudget" */ = {
			isa = XCConfigurationList;
			buildConfigurations = (
				07F433ED233F02B100F1281E /* Debug */,
				07F433EE233F02B100F1281E /* Release */,
			);
			defaultConfigurationIsVisible = 0;
			defaultConfigurationName = Release;
		};
/* End XCConfigurationList section */
	};
	rootObject = 07F433D2233F02B100F1281E /* Project object */;
}
